// !$*UTF8*$!
{
	archiveVersion = 1;
	classes = {
	};
	objectVersion = 56;
	objects = {

/* Begin PBXBuildFile section */
		2825F6352BC7F25B008BA088 /* PopulationParameter.swift in Sources */ = {isa = PBXBuildFile; fileRef = 2825F6342BC7F25B008BA088 /* PopulationParameter.swift */; };
		287B97BA2BC0265F009C1072 /* Assets.xcassets in Resources */ = {isa = PBXBuildFile; fileRef = 287B97B92BC0265F009C1072 /* Assets.xcassets */; };
		287B97BB2BC03880009C1072 /* Assets.xcassets in Resources */ = {isa = PBXBuildFile; fileRef = 287B97B92BC0265F009C1072 /* Assets.xcassets */; };
		287B97BC2BC03880009C1072 /* Assets.xcassets in Resources */ = {isa = PBXBuildFile; fileRef = 287B97B92BC0265F009C1072 /* Assets.xcassets */; };
		287E097B2BC6CBC800C73ED1 /* GalerieParameter.swift in Sources */ = {isa = PBXBuildFile; fileRef = 287E097A2BC6CBC800C73ED1 /* GalerieParameter.swift */; };
		287E097C2BC6CBC800C73ED1 /* GalerieParameter.swift in Sources */ = {isa = PBXBuildFile; fileRef = 287E097A2BC6CBC800C73ED1 /* GalerieParameter.swift */; };
		287E097D2BC6CBC800C73ED1 /* GalerieParameter.swift in Sources */ = {isa = PBXBuildFile; fileRef = 287E097A2BC6CBC800C73ED1 /* GalerieParameter.swift */; };
		287E097F2BC6E34400C73ED1 /* ImageResultatParameter.swift in Sources */ = {isa = PBXBuildFile; fileRef = 287E097E2BC6E34400C73ED1 /* ImageResultatParameter.swift */; };
		287E09802BC6E34400C73ED1 /* ImageResultatParameter.swift in Sources */ = {isa = PBXBuildFile; fileRef = 287E097E2BC6E34400C73ED1 /* ImageResultatParameter.swift */; };
		287E09812BC6E34400C73ED1 /* ImageResultatParameter.swift in Sources */ = {isa = PBXBuildFile; fileRef = 287E097E2BC6E34400C73ED1 /* ImageResultatParameter.swift */; };
		28916C2C2BCE7D2800C081F3 /* SQLite.framework in Frameworks */ = {isa = PBXBuildFile; fileRef = 28916C1F2BCE7D2100C081F3 /* SQLite.framework */; };
		28916C2D2BCE7D2800C081F3 /* SQLite.framework in Embed Frameworks */ = {isa = PBXBuildFile; fileRef = 28916C1F2BCE7D2100C081F3 /* SQLite.framework */; settings = {ATTRIBUTES = (CodeSignOnCopy, RemoveHeadersOnCopy, ); }; };
		28A11BE82BCD572A00F7BD4F /* IdentiteParameter.swift in Sources */ = {isa = PBXBuildFile; fileRef = 28A11BE72BCD572A00F7BD4F /* IdentiteParameter.swift */; };
		CC53DA822BC83DAC0074C619 /* ImageSpawn.swift in Sources */ = {isa = PBXBuildFile; fileRef = CC53DA812BC83DAC0074C619 /* ImageSpawn.swift */; };
		CC5FB3452BBED3BE00A6D853 /* AppDelegate.swift in Sources */ = {isa = PBXBuildFile; fileRef = CC5FB3442BBED3BE00A6D853 /* AppDelegate.swift */; };
		CC5FB3472BBED3BE00A6D853 /* SceneDelegate.swift in Sources */ = {isa = PBXBuildFile; fileRef = CC5FB3462BBED3BE00A6D853 /* SceneDelegate.swift */; };
		CC5FB3492BBED3BE00A6D853 /* ViewController.swift in Sources */ = {isa = PBXBuildFile; fileRef = CC5FB3482BBED3BE00A6D853 /* ViewController.swift */; };
		CC5FB34C2BBED3BE00A6D853 /* Main.storyboard in Resources */ = {isa = PBXBuildFile; fileRef = CC5FB34A2BBED3BE00A6D853 /* Main.storyboard */; };
		CC5FB3512BBED3BF00A6D853 /* LaunchScreen.storyboard in Resources */ = {isa = PBXBuildFile; fileRef = CC5FB34F2BBED3BF00A6D853 /* LaunchScreen.storyboard */; };
		CC5FB35C2BBED3BF00A6D853 /* PlanetCastorTests.swift in Sources */ = {isa = PBXBuildFile; fileRef = CC5FB35B2BBED3BF00A6D853 /* PlanetCastorTests.swift */; };
		CC5FB3662BBED3BF00A6D853 /* PlanetCastorUITests.swift in Sources */ = {isa = PBXBuildFile; fileRef = CC5FB3652BBED3BF00A6D853 /* PlanetCastorUITests.swift */; };
		CC5FB3682BBED3BF00A6D853 /* PlanetCastorUITestsLaunchTests.swift in Sources */ = {isa = PBXBuildFile; fileRef = CC5FB3672BBED3BF00A6D853 /* PlanetCastorUITestsLaunchTests.swift */; };
		CC6A99962BBEE59E00CBDAC3 /* Fonts in Resources */ = {isa = PBXBuildFile; fileRef = CC6A99952BBEE59E00CBDAC3 /* Fonts */; };
		CC789B0B2BCFCB9B00AB497B /* GalerieScrollView.swift in Sources */ = {isa = PBXBuildFile; fileRef = CC789B0A2BCFCB9B00AB497B /* GalerieScrollView.swift */; };
		CC7C5BF42BCEC44E0058CD4B /* GaleriePop.swift in Sources */ = {isa = PBXBuildFile; fileRef = CC7C5BF32BCEC44E0058CD4B /* GaleriePop.swift */; };
		CC7C5BFD2BCEC4660058CD4B /* GalerieId.swift in Sources */ = {isa = PBXBuildFile; fileRef = CC7C5BFC2BCEC4660058CD4B /* GalerieId.swift */; };
		CC7C7A1A2BC3FC130054D210 /* Database.swift in Sources */ = {isa = PBXBuildFile; fileRef = CC7C7A192BC3FC120054D210 /* Database.swift */; };
		CCAECC182BC03A8300B07DE1 /* PlaneteParameter.swift in Sources */ = {isa = PBXBuildFile; fileRef = CCAECC172BC03A8300B07DE1 /* PlaneteParameter.swift */; };
		CCB9397A2BC6C94A00D7A231 /* BiodiversiteView.swift in Sources */ = {isa = PBXBuildFile; fileRef = CCB939792BC6C94A00D7A231 /* BiodiversiteView.swift */; };
		CCF2FC5C2BC695C4000CEF8F /* ImageParameter.swift in Sources */ = {isa = PBXBuildFile; fileRef = CCF2FC5B2BC695C4000CEF8F /* ImageParameter.swift */; };
/* End PBXBuildFile section */

/* Begin PBXContainerItemProxy section */
		28916C1E2BCE7D2100C081F3 /* PBXContainerItemProxy */ = {
			isa = PBXContainerItemProxy;
			containerPortal = 28916BE62BCE7D1C00C081F3 /* SQLite.xcodeproj */;
			proxyType = 2;
			remoteGlobalIDString = EE247AD31C3F04ED00AE3E12;
			remoteInfo = "SQLite iOS";
		};
		28916C202BCE7D2100C081F3 /* PBXContainerItemProxy */ = {
			isa = PBXContainerItemProxy;
			containerPortal = 28916BE62BCE7D1C00C081F3 /* SQLite.xcodeproj */;
			proxyType = 2;
			remoteGlobalIDString = EE247ADD1C3F04ED00AE3E12;
			remoteInfo = "SQLiteTests iOS";
		};
		28916C222BCE7D2100C081F3 /* PBXContainerItemProxy */ = {
			isa = PBXContainerItemProxy;
			containerPortal = 28916BE62BCE7D1C00C081F3 /* SQLite.xcodeproj */;
			proxyType = 2;
			remoteGlobalIDString = EE247B3C1C3F3ED000AE3E12;
			remoteInfo = "SQLite Mac";
		};
		28916C242BCE7D2100C081F3 /* PBXContainerItemProxy */ = {
			isa = PBXContainerItemProxy;
			containerPortal = 28916BE62BCE7D1C00C081F3 /* SQLite.xcodeproj */;
			proxyType = 2;
			remoteGlobalIDString = EE247B451C3F3ED000AE3E12;
			remoteInfo = "SQLiteTests Mac";
		};
		28916C262BCE7D2100C081F3 /* PBXContainerItemProxy */ = {
			isa = PBXContainerItemProxy;
			containerPortal = 28916BE62BCE7D1C00C081F3 /* SQLite.xcodeproj */;
			proxyType = 2;
			remoteGlobalIDString = 03A65E5A1C6BB0F50062603F;
			remoteInfo = "SQLite tvOS";
		};
		28916C282BCE7D2100C081F3 /* PBXContainerItemProxy */ = {
			isa = PBXContainerItemProxy;
			containerPortal = 28916BE62BCE7D1C00C081F3 /* SQLite.xcodeproj */;
			proxyType = 2;
			remoteGlobalIDString = 03A65E631C6BB0F60062603F;
			remoteInfo = "SQLiteTests tvOS";
		};
		28916C2A2BCE7D2100C081F3 /* PBXContainerItemProxy */ = {
			isa = PBXContainerItemProxy;
			containerPortal = 28916BE62BCE7D1C00C081F3 /* SQLite.xcodeproj */;
			proxyType = 2;
			remoteGlobalIDString = A121AC451CA35C79005A31D1;
			remoteInfo = "SQLite watchOS";
		};
		CC5FB3582BBED3BF00A6D853 /* PBXContainerItemProxy */ = {
			isa = PBXContainerItemProxy;
			containerPortal = CC5FB3392BBED3BE00A6D853 /* Project object */;
			proxyType = 1;
			remoteGlobalIDString = CC5FB3402BBED3BE00A6D853;
			remoteInfo = PlanetCastor;
		};
		CC5FB3622BBED3BF00A6D853 /* PBXContainerItemProxy */ = {
			isa = PBXContainerItemProxy;
			containerPortal = CC5FB3392BBED3BE00A6D853 /* Project object */;
			proxyType = 1;
			remoteGlobalIDString = CC5FB3402BBED3BE00A6D853;
			remoteInfo = PlanetCastor;
		};
/* End PBXContainerItemProxy section */

/* Begin PBXCopyFilesBuildPhase section */
		28A3B2BD2BC4204900295EFE /* Embed Frameworks */ = {
			isa = PBXCopyFilesBuildPhase;
			buildActionMask = 2147483647;
			dstPath = "";
			dstSubfolderSpec = 10;
			files = (
				28916C2D2BCE7D2800C081F3 /* SQLite.framework in Embed Frameworks */,
			);
			name = "Embed Frameworks";
			runOnlyForDeploymentPostprocessing = 0;
		};
/* End PBXCopyFilesBuildPhase section */

/* Begin PBXFileReference section */
		2825F6342BC7F25B008BA088 /* PopulationParameter.swift */ = {isa = PBXFileReference; lastKnownFileType = sourcecode.swift; path = PopulationParameter.swift; sourceTree = "<group>"; };
		287B97B92BC0265F009C1072 /* Assets.xcassets */ = {isa = PBXFileReference; lastKnownFileType = folder.assetcatalog; path = Assets.xcassets; sourceTree = "<group>"; };
		287E097A2BC6CBC800C73ED1 /* GalerieParameter.swift */ = {isa = PBXFileReference; lastKnownFileType = sourcecode.swift; path = GalerieParameter.swift; sourceTree = "<group>"; };
		287E097E2BC6E34400C73ED1 /* ImageResultatParameter.swift */ = {isa = PBXFileReference; lastKnownFileType = sourcecode.swift; path = ImageResultatParameter.swift; sourceTree = "<group>"; };
		28916BE62BCE7D1C00C081F3 /* SQLite.xcodeproj */ = {isa = PBXFileReference; lastKnownFileType = "wrapper.pb-project"; name = SQLite.xcodeproj; path = "PlanetCastor/SQLite.swift-master/SQLite.xcodeproj"; sourceTree = "<group>"; };
		28A11BE72BCD572A00F7BD4F /* IdentiteParameter.swift */ = {isa = PBXFileReference; lastKnownFileType = sourcecode.swift; path = IdentiteParameter.swift; sourceTree = "<group>"; };
		28A3B29F2BC41EC800295EFE /* SQLite.framework */ = {isa = PBXFileReference; explicitFileType = wrapper.framework; path = SQLite.framework; sourceTree = BUILT_PRODUCTS_DIR; };
		28A3B2A22BC41EC800295EFE /* PlanetCastor.app */ = {isa = PBXFileReference; explicitFileType = wrapper.application; includeInIndex = 0; path = PlanetCastor.app; sourceTree = BUILT_PRODUCTS_DIR; };
		28D8852A2BC53F6000410E57 /* PlanetCastorTests.xctest */ = {isa = PBXFileReference; explicitFileType = wrapper.cfbundle; includeInIndex = 0; path = PlanetCastorTests.xctest; sourceTree = BUILT_PRODUCTS_DIR; };
		28D8852B2BC53F6000410E57 /* PlanetCastorUITests.xctest */ = {isa = PBXFileReference; explicitFileType = wrapper.cfbundle; includeInIndex = 0; path = PlanetCastorUITests.xctest; sourceTree = BUILT_PRODUCTS_DIR; };
		CC53DA812BC83DAC0074C619 /* ImageSpawn.swift */ = {isa = PBXFileReference; lastKnownFileType = sourcecode.swift; path = ImageSpawn.swift; sourceTree = "<group>"; };
		CC5FB3442BBED3BE00A6D853 /* AppDelegate.swift */ = {isa = PBXFileReference; lastKnownFileType = sourcecode.swift; path = AppDelegate.swift; sourceTree = "<group>"; };
		CC5FB3462BBED3BE00A6D853 /* SceneDelegate.swift */ = {isa = PBXFileReference; lastKnownFileType = sourcecode.swift; path = SceneDelegate.swift; sourceTree = "<group>"; };
		CC5FB3482BBED3BE00A6D853 /* ViewController.swift */ = {isa = PBXFileReference; lastKnownFileType = sourcecode.swift; path = ViewController.swift; sourceTree = "<group>"; };
		CC5FB34B2BBED3BE00A6D853 /* Base */ = {isa = PBXFileReference; lastKnownFileType = file.storyboard; name = Base; path = Base.lproj/Main.storyboard; sourceTree = "<group>"; };
		CC5FB3502BBED3BF00A6D853 /* Base */ = {isa = PBXFileReference; lastKnownFileType = file.storyboard; name = Base; path = Base.lproj/LaunchScreen.storyboard; sourceTree = "<group>"; };
		CC5FB3522BBED3BF00A6D853 /* Info.plist */ = {isa = PBXFileReference; lastKnownFileType = text.plist.xml; path = Info.plist; sourceTree = "<group>"; };
		CC5FB35B2BBED3BF00A6D853 /* PlanetCastorTests.swift */ = {isa = PBXFileReference; lastKnownFileType = sourcecode.swift; path = PlanetCastorTests.swift; sourceTree = "<group>"; };
		CC5FB3652BBED3BF00A6D853 /* PlanetCastorUITests.swift */ = {isa = PBXFileReference; lastKnownFileType = sourcecode.swift; path = PlanetCastorUITests.swift; sourceTree = "<group>"; };
		CC5FB3672BBED3BF00A6D853 /* PlanetCastorUITestsLaunchTests.swift */ = {isa = PBXFileReference; lastKnownFileType = sourcecode.swift; path = PlanetCastorUITestsLaunchTests.swift; sourceTree = "<group>"; };
		CC6A99952BBEE59E00CBDAC3 /* Fonts */ = {isa = PBXFileReference; fileEncoding = 4; lastKnownFileType = text; path = Fonts; sourceTree = SOURCE_ROOT; };
		CC789B0A2BCFCB9B00AB497B /* GalerieScrollView.swift */ = {isa = PBXFileReference; lastKnownFileType = sourcecode.swift; path = GalerieScrollView.swift; sourceTree = "<group>"; };
		CC7C5BF32BCEC44E0058CD4B /* GaleriePop.swift */ = {isa = PBXFileReference; lastKnownFileType = sourcecode.swift; path = GaleriePop.swift; sourceTree = "<group>"; };
		CC7C5BFC2BCEC4660058CD4B /* GalerieId.swift */ = {isa = PBXFileReference; lastKnownFileType = sourcecode.swift; path = GalerieId.swift; sourceTree = "<group>"; };
		CC7C7A192BC3FC120054D210 /* Database.swift */ = {isa = PBXFileReference; lastKnownFileType = sourcecode.swift; path = Database.swift; sourceTree = "<group>"; };
		CCAECC172BC03A8300B07DE1 /* PlaneteParameter.swift */ = {isa = PBXFileReference; lastKnownFileType = sourcecode.swift; path = PlaneteParameter.swift; sourceTree = "<group>"; };
		CCB939792BC6C94A00D7A231 /* BiodiversiteView.swift */ = {isa = PBXFileReference; lastKnownFileType = sourcecode.swift; path = BiodiversiteView.swift; sourceTree = "<group>"; };
		CCF2FC5B2BC695C4000CEF8F /* ImageParameter.swift */ = {isa = PBXFileReference; lastKnownFileType = sourcecode.swift; path = ImageParameter.swift; sourceTree = "<group>"; };
/* End PBXFileReference section */

/* Begin PBXFrameworksBuildPhase section */
		CC5FB33E2BBED3BE00A6D853 /* Frameworks */ = {
			isa = PBXFrameworksBuildPhase;
			buildActionMask = 2147483647;
			files = (
				28916C2C2BCE7D2800C081F3 /* SQLite.framework in Frameworks */,
			);
			runOnlyForDeploymentPostprocessing = 0;
		};
		CC5FB3542BBED3BF00A6D853 /* Frameworks */ = {
			isa = PBXFrameworksBuildPhase;
			buildActionMask = 2147483647;
			files = (
			);
			runOnlyForDeploymentPostprocessing = 0;
		};
		CC5FB35E2BBED3BF00A6D853 /* Frameworks */ = {
			isa = PBXFrameworksBuildPhase;
			buildActionMask = 2147483647;
			files = (
			);
			runOnlyForDeploymentPostprocessing = 0;
		};
/* End PBXFrameworksBuildPhase section */

/* Begin PBXGroup section */
		28916C152BCE7D2100C081F3 /* Products */ = {
			isa = PBXGroup;
			children = (
				28916C1F2BCE7D2100C081F3 /* SQLite.framework */,
				28916C212BCE7D2100C081F3 /* SQLiteTests iOS.xctest */,
				28916C232BCE7D2100C081F3 /* SQLite.framework */,
				28916C252BCE7D2100C081F3 /* SQLiteTests Mac.xctest */,
				28916C272BCE7D2100C081F3 /* SQLite.framework */,
				28916C292BCE7D2100C081F3 /* SQLiteTests tvOS.xctest */,
				28916C2B2BCE7D2100C081F3 /* SQLite.framework */,
			);
			name = Products;
			sourceTree = "<group>";
		};
		28A3B29E2BC41EC800295EFE /* Frameworks */ = {
			isa = PBXGroup;
			children = (
				28A3B29F2BC41EC800295EFE /* SQLite.framework */,
			);
			name = Frameworks;
			sourceTree = "<group>";
		};
		CC53DA782BC83D940074C619 /* Classes */ = {
			isa = PBXGroup;
			children = (
				CC53DA812BC83DAC0074C619 /* ImageSpawn.swift */,
			);
			path = Classes;
			sourceTree = "<group>";
		};
		CC5FB3382BBED3BD00A6D853 = {
			isa = PBXGroup;
			children = (
				CC5FB3432BBED3BE00A6D853 /* PlanetCastor */,
				28916BE62BCE7D1C00C081F3 /* SQLite.xcodeproj */,
				CC5FB35A2BBED3BF00A6D853 /* PlanetCastorTests */,
				CC5FB3642BBED3BF00A6D853 /* PlanetCastorUITests */,
				28A3B29E2BC41EC800295EFE /* Frameworks */,
				28A3B2A22BC41EC800295EFE /* PlanetCastor.app */,
				28D8852A2BC53F6000410E57 /* PlanetCastorTests.xctest */,
				28D8852B2BC53F6000410E57 /* PlanetCastorUITests.xctest */,
			);
			sourceTree = "<group>";
		};
		CC5FB3432BBED3BE00A6D853 /* PlanetCastor */ = {
			isa = PBXGroup;
			children = (
				CC53DA782BC83D940074C619 /* Classes */,
				CC7C7A182BC3FBF00054D210 /* Databases */,
				CC6A99952BBEE59E00CBDAC3 /* Fonts */,
				CC5FB3442BBED3BE00A6D853 /* AppDelegate.swift */,
				CC5FB3462BBED3BE00A6D853 /* SceneDelegate.swift */,
				CC5FB3482BBED3BE00A6D853 /* ViewController.swift */,
				CC5FB34A2BBED3BE00A6D853 /* Main.storyboard */,
				CC5FB34F2BBED3BF00A6D853 /* LaunchScreen.storyboard */,
				287B97B92BC0265F009C1072 /* Assets.xcassets */,
				CC5FB3522BBED3BF00A6D853 /* Info.plist */,
				CC789B022BCFCB6200AB497B /* ViewController */,
			);
			path = PlanetCastor;
			sourceTree = "<group>";
		};
		CC5FB35A2BBED3BF00A6D853 /* PlanetCastorTests */ = {
			isa = PBXGroup;
			children = (
				CC5FB35B2BBED3BF00A6D853 /* PlanetCastorTests.swift */,
			);
			path = PlanetCastorTests;
			sourceTree = "<group>";
		};
		CC5FB3642BBED3BF00A6D853 /* PlanetCastorUITests */ = {
			isa = PBXGroup;
			children = (
				CC5FB3652BBED3BF00A6D853 /* PlanetCastorUITests.swift */,
				CC5FB3672BBED3BF00A6D853 /* PlanetCastorUITestsLaunchTests.swift */,
			);
			path = PlanetCastorUITests;
			sourceTree = "<group>";
		};
		CC789B022BCFCB6200AB497B /* ViewController */ = {
			isa = PBXGroup;
			children = (
				CCAECC172BC03A8300B07DE1 /* PlaneteParameter.swift */,
				CCF2FC5B2BC695C4000CEF8F /* ImageParameter.swift */,
				CC7C5BF32BCEC44E0058CD4B /* GaleriePop.swift */,
				CC7C5BFC2BCEC4660058CD4B /* GalerieId.swift */,
				CCB939792BC6C94A00D7A231 /* BiodiversiteView.swift */,
				287E097A2BC6CBC800C73ED1 /* GalerieParameter.swift */,
				287E097E2BC6E34400C73ED1 /* ImageResultatParameter.swift */,
				2825F6342BC7F25B008BA088 /* PopulationParameter.swift */,
				28A11BE72BCD572A00F7BD4F /* IdentiteParameter.swift */,
				CC789B0A2BCFCB9B00AB497B /* GalerieScrollView.swift */,
			);
			path = ViewController;
			sourceTree = "<group>";
		};
		CC7C7A182BC3FBF00054D210 /* Databases */ = {
			isa = PBXGroup;
			children = (
				CC7C7A192BC3FC120054D210 /* Database.swift */,
			);
			path = Databases;
			sourceTree = "<group>";
		};
/* End PBXGroup section */

/* Begin PBXNativeTarget section */
		CC5FB3402BBED3BE00A6D853 /* PlanetCastor */ = {
			isa = PBXNativeTarget;
			buildConfigurationList = CC5FB36B2BBED3BF00A6D853 /* Build configuration list for PBXNativeTarget "PlanetCastor" */;
			buildPhases = (
				CC5FB33D2BBED3BE00A6D853 /* Sources */,
				CC5FB33E2BBED3BE00A6D853 /* Frameworks */,
				CC5FB33F2BBED3BE00A6D853 /* Resources */,
				28A3B2BD2BC4204900295EFE /* Embed Frameworks */,
			);
			buildRules = (
			);
			dependencies = (
			);
			name = PlanetCastor;
			productName = PlanetCastor;
			productReference = 28A3B2A22BC41EC800295EFE /* PlanetCastor.app */;
			productType = "com.apple.product-type.application";
		};
		CC5FB3562BBED3BF00A6D853 /* PlanetCastorTests */ = {
			isa = PBXNativeTarget;
			buildConfigurationList = CC5FB36E2BBED3BF00A6D853 /* Build configuration list for PBXNativeTarget "PlanetCastorTests" */;
			buildPhases = (
				CC5FB3532BBED3BF00A6D853 /* Sources */,
				CC5FB3542BBED3BF00A6D853 /* Frameworks */,
				CC5FB3552BBED3BF00A6D853 /* Resources */,
			);
			buildRules = (
			);
			dependencies = (
				CC5FB3592BBED3BF00A6D853 /* PBXTargetDependency */,
			);
			name = PlanetCastorTests;
			productName = PlanetCastorTests;
			productReference = 28D8852A2BC53F6000410E57 /* PlanetCastorTests.xctest */;
			productType = "com.apple.product-type.bundle.unit-test";
		};
		CC5FB3602BBED3BF00A6D853 /* PlanetCastorUITests */ = {
			isa = PBXNativeTarget;
			buildConfigurationList = CC5FB3712BBED3BF00A6D853 /* Build configuration list for PBXNativeTarget "PlanetCastorUITests" */;
			buildPhases = (
				CC5FB35D2BBED3BF00A6D853 /* Sources */,
				CC5FB35E2BBED3BF00A6D853 /* Frameworks */,
				CC5FB35F2BBED3BF00A6D853 /* Resources */,
			);
			buildRules = (
			);
			dependencies = (
				CC5FB3632BBED3BF00A6D853 /* PBXTargetDependency */,
			);
			name = PlanetCastorUITests;
			productName = PlanetCastorUITests;
			productReference = 28D8852B2BC53F6000410E57 /* PlanetCastorUITests.xctest */;
			productType = "com.apple.product-type.bundle.ui-testing";
		};
/* End PBXNativeTarget section */

/* Begin PBXProject section */
		CC5FB3392BBED3BE00A6D853 /* Project object */ = {
			isa = PBXProject;
			attributes = {
				BuildIndependentTargetsInParallel = 1;
				KnownAssetTags = (
					"Diamètre",
				);
				LastSwiftUpdateCheck = 1430;
				LastUpgradeCheck = 1430;
				TargetAttributes = {
					CC5FB3402BBED3BE00A6D853 = {
						CreatedOnToolsVersion = 14.3;
					};
					CC5FB3562BBED3BF00A6D853 = {
						CreatedOnToolsVersion = 14.3;
						TestTargetID = CC5FB3402BBED3BE00A6D853;
					};
					CC5FB3602BBED3BF00A6D853 = {
						CreatedOnToolsVersion = 14.3;
						TestTargetID = CC5FB3402BBED3BE00A6D853;
					};
				};
			};
			buildConfigurationList = CC5FB33C2BBED3BE00A6D853 /* Build configuration list for PBXProject "PlanetCastor" */;
			compatibilityVersion = "Xcode 14.0";
			developmentRegion = en;
			hasScannedForEncodings = 0;
			knownRegions = (
				en,
				Base,
			);
			mainGroup = CC5FB3382BBED3BD00A6D853;
			productRefGroup = CC5FB3382BBED3BD00A6D853;
			projectDirPath = "";
			projectReferences = (
				{
					ProductGroup = 28916C152BCE7D2100C081F3 /* Products */;
					ProjectRef = 28916BE62BCE7D1C00C081F3 /* SQLite.xcodeproj */;
				},
			);
			projectRoot = "";
			targets = (
				CC5FB3402BBED3BE00A6D853 /* PlanetCastor */,
				CC5FB3562BBED3BF00A6D853 /* PlanetCastorTests */,
				CC5FB3602BBED3BF00A6D853 /* PlanetCastorUITests */,
			);
		};
/* End PBXProject section */

/* Begin PBXReferenceProxy section */
		28916C1F2BCE7D2100C081F3 /* SQLite.framework */ = {
			isa = PBXReferenceProxy;
			fileType = wrapper.framework;
			path = SQLite.framework;
			remoteRef = 28916C1E2BCE7D2100C081F3 /* PBXContainerItemProxy */;
			sourceTree = BUILT_PRODUCTS_DIR;
		};
		28916C212BCE7D2100C081F3 /* SQLiteTests iOS.xctest */ = {
			isa = PBXReferenceProxy;
			fileType = wrapper.cfbundle;
			path = "SQLiteTests iOS.xctest";
			remoteRef = 28916C202BCE7D2100C081F3 /* PBXContainerItemProxy */;
			sourceTree = BUILT_PRODUCTS_DIR;
		};
		28916C232BCE7D2100C081F3 /* SQLite.framework */ = {
			isa = PBXReferenceProxy;
			fileType = wrapper.framework;
			path = SQLite.framework;
			remoteRef = 28916C222BCE7D2100C081F3 /* PBXContainerItemProxy */;
			sourceTree = BUILT_PRODUCTS_DIR;
		};
		28916C252BCE7D2100C081F3 /* SQLiteTests Mac.xctest */ = {
			isa = PBXReferenceProxy;
			fileType = wrapper.cfbundle;
			path = "SQLiteTests Mac.xctest";
			remoteRef = 28916C242BCE7D2100C081F3 /* PBXContainerItemProxy */;
			sourceTree = BUILT_PRODUCTS_DIR;
		};
		28916C272BCE7D2100C081F3 /* SQLite.framework */ = {
			isa = PBXReferenceProxy;
			fileType = wrapper.framework;
			path = SQLite.framework;
			remoteRef = 28916C262BCE7D2100C081F3 /* PBXContainerItemProxy */;
			sourceTree = BUILT_PRODUCTS_DIR;
		};
		28916C292BCE7D2100C081F3 /* SQLiteTests tvOS.xctest */ = {
			isa = PBXReferenceProxy;
			fileType = wrapper.cfbundle;
			path = "SQLiteTests tvOS.xctest";
			remoteRef = 28916C282BCE7D2100C081F3 /* PBXContainerItemProxy */;
			sourceTree = BUILT_PRODUCTS_DIR;
		};
		28916C2B2BCE7D2100C081F3 /* SQLite.framework */ = {
			isa = PBXReferenceProxy;
			fileType = wrapper.framework;
			path = SQLite.framework;
			remoteRef = 28916C2A2BCE7D2100C081F3 /* PBXContainerItemProxy */;
			sourceTree = BUILT_PRODUCTS_DIR;
		};
/* End PBXReferenceProxy section */

/* Begin PBXResourcesBuildPhase section */
		CC5FB33F2BBED3BE00A6D853 /* Resources */ = {
			isa = PBXResourcesBuildPhase;
			buildActionMask = 2147483647;
			files = (
				CC5FB3512BBED3BF00A6D853 /* LaunchScreen.storyboard in Resources */,
				CC5FB34C2BBED3BE00A6D853 /* Main.storyboard in Resources */,
				287B97BA2BC0265F009C1072 /* Assets.xcassets in Resources */,
				CC6A99962BBEE59E00CBDAC3 /* Fonts in Resources */,
			);
			runOnlyForDeploymentPostprocessing = 0;
		};
		CC5FB3552BBED3BF00A6D853 /* Resources */ = {
			isa = PBXResourcesBuildPhase;
			buildActionMask = 2147483647;
			files = (
				287B97BC2BC03880009C1072 /* Assets.xcassets in Resources */,
			);
			runOnlyForDeploymentPostprocessing = 0;
		};
		CC5FB35F2BBED3BF00A6D853 /* Resources */ = {
			isa = PBXResourcesBuildPhase;
			buildActionMask = 2147483647;
			files = (
				287B97BB2BC03880009C1072 /* Assets.xcassets in Resources */,
			);
			runOnlyForDeploymentPostprocessing = 0;
		};
/* End PBXResourcesBuildPhase section */

/* Begin PBXSourcesBuildPhase section */
		CC5FB33D2BBED3BE00A6D853 /* Sources */ = {
			isa = PBXSourcesBuildPhase;
			buildActionMask = 2147483647;
			files = (
				28A11BE82BCD572A00F7BD4F /* IdentiteParameter.swift in Sources */,
				CC5FB3492BBED3BE00A6D853 /* ViewController.swift in Sources */,
				CC53DA822BC83DAC0074C619 /* ImageSpawn.swift in Sources */,
				CC5FB3452BBED3BE00A6D853 /* AppDelegate.swift in Sources */,
				CC7C5BFD2BCEC4660058CD4B /* GalerieId.swift in Sources */,
				2825F6352BC7F25B008BA088 /* PopulationParameter.swift in Sources */,
				CC5FB3472BBED3BE00A6D853 /* SceneDelegate.swift in Sources */,
				CCF2FC5C2BC695C4000CEF8F /* ImageParameter.swift in Sources */,
				287E097B2BC6CBC800C73ED1 /* GalerieParameter.swift in Sources */,
				CC7C7A1A2BC3FC130054D210 /* Database.swift in Sources */,
				CCAECC182BC03A8300B07DE1 /* PlaneteParameter.swift in Sources */,
				CCB9397A2BC6C94A00D7A231 /* BiodiversiteView.swift in Sources */,
				CC7C5BF42BCEC44E0058CD4B /* GaleriePop.swift in Sources */,
				287E097F2BC6E34400C73ED1 /* ImageResultatParameter.swift in Sources */,
				CC789B0B2BCFCB9B00AB497B /* GalerieScrollView.swift in Sources */,
			);
			runOnlyForDeploymentPostprocessing = 0;
		};
		CC5FB3532BBED3BF00A6D853 /* Sources */ = {
			isa = PBXSourcesBuildPhase;
			buildActionMask = 2147483647;
			files = (
				CC5FB35C2BBED3BF00A6D853 /* PlanetCastorTests.swift in Sources */,
				287E09802BC6E34400C73ED1 /* ImageResultatParameter.swift in Sources */,
				287E097C2BC6CBC800C73ED1 /* GalerieParameter.swift in Sources */,
			);
			runOnlyForDeploymentPostprocessing = 0;
		};
		CC5FB35D2BBED3BF00A6D853 /* Sources */ = {
			isa = PBXSourcesBuildPhase;
			buildActionMask = 2147483647;
			files = (
				CC5FB3682BBED3BF00A6D853 /* PlanetCastorUITestsLaunchTests.swift in Sources */,
				287E097D2BC6CBC800C73ED1 /* GalerieParameter.swift in Sources */,
				CC5FB3662BBED3BF00A6D853 /* PlanetCastorUITests.swift in Sources */,
				287E09812BC6E34400C73ED1 /* ImageResultatParameter.swift in Sources */,
			);
			runOnlyForDeploymentPostprocessing = 0;
		};
/* End PBXSourcesBuildPhase section */

/* Begin PBXTargetDependency section */
		CC5FB3592BBED3BF00A6D853 /* PBXTargetDependency */ = {
			isa = PBXTargetDependency;
			target = CC5FB3402BBED3BE00A6D853 /* PlanetCastor */;
			targetProxy = CC5FB3582BBED3BF00A6D853 /* PBXContainerItemProxy */;
		};
		CC5FB3632BBED3BF00A6D853 /* PBXTargetDependency */ = {
			isa = PBXTargetDependency;
			target = CC5FB3402BBED3BE00A6D853 /* PlanetCastor */;
			targetProxy = CC5FB3622BBED3BF00A6D853 /* PBXContainerItemProxy */;
		};
/* End PBXTargetDependency section */

/* Begin PBXVariantGroup section */
		CC5FB34A2BBED3BE00A6D853 /* Main.storyboard */ = {
			isa = PBXVariantGroup;
			children = (
				CC5FB34B2BBED3BE00A6D853 /* Base */,
			);
			name = Main.storyboard;
			sourceTree = "<group>";
		};
		CC5FB34F2BBED3BF00A6D853 /* LaunchScreen.storyboard */ = {
			isa = PBXVariantGroup;
			children = (
				CC5FB3502BBED3BF00A6D853 /* Base */,
			);
			name = LaunchScreen.storyboard;
			sourceTree = "<group>";
		};
/* End PBXVariantGroup section */

/* Begin XCBuildConfiguration section */
		CC5FB3692BBED3BF00A6D853 /* Debug */ = {
			isa = XCBuildConfiguration;
			buildSettings = {
				ALWAYS_SEARCH_USER_PATHS = NO;
				CLANG_ANALYZER_NONNULL = YES;
				CLANG_ANALYZER_NUMBER_OBJECT_CONVERSION = YES_AGGRESSIVE;
				CLANG_CXX_LANGUAGE_STANDARD = "gnu++20";
				CLANG_ENABLE_MODULES = YES;
				CLANG_ENABLE_OBJC_ARC = YES;
				CLANG_ENABLE_OBJC_WEAK = YES;
				CLANG_WARN_BLOCK_CAPTURE_AUTORELEASING = YES;
				CLANG_WARN_BOOL_CONVERSION = YES;
				CLANG_WARN_COMMA = YES;
				CLANG_WARN_CONSTANT_CONVERSION = YES;
				CLANG_WARN_DEPRECATED_OBJC_IMPLEMENTATIONS = YES;
				CLANG_WARN_DIRECT_OBJC_ISA_USAGE = YES_ERROR;
				CLANG_WARN_DOCUMENTATION_COMMENTS = YES;
				CLANG_WARN_EMPTY_BODY = YES;
				CLANG_WARN_ENUM_CONVERSION = YES;
				CLANG_WARN_INFINITE_RECURSION = YES;
				CLANG_WARN_INT_CONVERSION = YES;
				CLANG_WARN_NON_LITERAL_NULL_CONVERSION = YES;
				CLANG_WARN_OBJC_IMPLICIT_RETAIN_SELF = YES;
				CLANG_WARN_OBJC_LITERAL_CONVERSION = YES;
				CLANG_WARN_OBJC_ROOT_CLASS = YES_ERROR;
				CLANG_WARN_QUOTED_INCLUDE_IN_FRAMEWORK_HEADER = YES;
				CLANG_WARN_RANGE_LOOP_ANALYSIS = YES;
				CLANG_WARN_STRICT_PROTOTYPES = YES;
				CLANG_WARN_SUSPICIOUS_MOVE = YES;
				CLANG_WARN_UNGUARDED_AVAILABILITY = YES_AGGRESSIVE;
				CLANG_WARN_UNREACHABLE_CODE = YES;
				CLANG_WARN__DUPLICATE_METHOD_MATCH = YES;
				COPY_PHASE_STRIP = NO;
				DEBUG_INFORMATION_FORMAT = dwarf;
				ENABLE_STRICT_OBJC_MSGSEND = YES;
				ENABLE_TESTABILITY = YES;
				GCC_C_LANGUAGE_STANDARD = gnu11;
				GCC_DYNAMIC_NO_PIC = NO;
				GCC_NO_COMMON_BLOCKS = YES;
				GCC_OPTIMIZATION_LEVEL = 0;
				GCC_PREPROCESSOR_DEFINITIONS = (
					"DEBUG=1",
					"$(inherited)",
				);
				GCC_WARN_64_TO_32_BIT_CONVERSION = YES;
				GCC_WARN_ABOUT_RETURN_TYPE = YES_ERROR;
				GCC_WARN_UNDECLARED_SELECTOR = YES;
				GCC_WARN_UNINITIALIZED_AUTOS = YES_AGGRESSIVE;
				GCC_WARN_UNUSED_FUNCTION = YES;
				GCC_WARN_UNUSED_VARIABLE = YES;
				IPHONEOS_DEPLOYMENT_TARGET = 16.4;
				MTL_ENABLE_DEBUG_INFO = INCLUDE_SOURCE;
				MTL_FAST_MATH = YES;
				ONLY_ACTIVE_ARCH = YES;
				SDKROOT = iphoneos;
				SWIFT_ACTIVE_COMPILATION_CONDITIONS = DEBUG;
				SWIFT_OPTIMIZATION_LEVEL = "-Onone";
			};
			name = Debug;
		};
		CC5FB36A2BBED3BF00A6D853 /* Release */ = {
			isa = XCBuildConfiguration;
			buildSettings = {
				ALWAYS_SEARCH_USER_PATHS = NO;
				CLANG_ANALYZER_NONNULL = YES;
				CLANG_ANALYZER_NUMBER_OBJECT_CONVERSION = YES_AGGRESSIVE;
				CLANG_CXX_LANGUAGE_STANDARD = "gnu++20";
				CLANG_ENABLE_MODULES = YES;
				CLANG_ENABLE_OBJC_ARC = YES;
				CLANG_ENABLE_OBJC_WEAK = YES;
				CLANG_WARN_BLOCK_CAPTURE_AUTORELEASING = YES;
				CLANG_WARN_BOOL_CONVERSION = YES;
				CLANG_WARN_COMMA = YES;
				CLANG_WARN_CONSTANT_CONVERSION = YES;
				CLANG_WARN_DEPRECATED_OBJC_IMPLEMENTATIONS = YES;
				CLANG_WARN_DIRECT_OBJC_ISA_USAGE = YES_ERROR;
				CLANG_WARN_DOCUMENTATION_COMMENTS = YES;
				CLANG_WARN_EMPTY_BODY = YES;
				CLANG_WARN_ENUM_CONVERSION = YES;
				CLANG_WARN_INFINITE_RECURSION = YES;
				CLANG_WARN_INT_CONVERSION = YES;
				CLANG_WARN_NON_LITERAL_NULL_CONVERSION = YES;
				CLANG_WARN_OBJC_IMPLICIT_RETAIN_SELF = YES;
				CLANG_WARN_OBJC_LITERAL_CONVERSION = YES;
				CLANG_WARN_OBJC_ROOT_CLASS = YES_ERROR;
				CLANG_WARN_QUOTED_INCLUDE_IN_FRAMEWORK_HEADER = YES;
				CLANG_WARN_RANGE_LOOP_ANALYSIS = YES;
				CLANG_WARN_STRICT_PROTOTYPES = YES;
				CLANG_WARN_SUSPICIOUS_MOVE = YES;
				CLANG_WARN_UNGUARDED_AVAILABILITY = YES_AGGRESSIVE;
				CLANG_WARN_UNREACHABLE_CODE = YES;
				CLANG_WARN__DUPLICATE_METHOD_MATCH = YES;
				COPY_PHASE_STRIP = NO;
				DEBUG_INFORMATION_FORMAT = "dwarf-with-dsym";
				ENABLE_NS_ASSERTIONS = NO;
				ENABLE_STRICT_OBJC_MSGSEND = YES;
				GCC_C_LANGUAGE_STANDARD = gnu11;
				GCC_NO_COMMON_BLOCKS = YES;
				GCC_WARN_64_TO_32_BIT_CONVERSION = YES;
				GCC_WARN_ABOUT_RETURN_TYPE = YES_ERROR;
				GCC_WARN_UNDECLARED_SELECTOR = YES;
				GCC_WARN_UNINITIALIZED_AUTOS = YES_AGGRESSIVE;
				GCC_WARN_UNUSED_FUNCTION = YES;
				GCC_WARN_UNUSED_VARIABLE = YES;
				IPHONEOS_DEPLOYMENT_TARGET = 16.4;
				MTL_ENABLE_DEBUG_INFO = NO;
				MTL_FAST_MATH = YES;
				SDKROOT = iphoneos;
				SWIFT_COMPILATION_MODE = wholemodule;
				SWIFT_OPTIMIZATION_LEVEL = "-O";
				VALIDATE_PRODUCT = YES;
			};
			name = Release;
		};
		CC5FB36C2BBED3BF00A6D853 /* Debug */ = {
			isa = XCBuildConfiguration;
			buildSettings = {
				ASSETCATALOG_COMPILER_APPICON_NAME = AppIcon;
				ASSETCATALOG_COMPILER_GLOBAL_ACCENT_COLOR_NAME = AccentColor;
				CODE_SIGN_STYLE = Automatic;
				CURRENT_PROJECT_VERSION = 1;
				GENERATE_INFOPLIST_FILE = YES;
				INFOPLIST_FILE = PlanetCastor/Info.plist;
				INFOPLIST_KEY_UIApplicationSupportsIndirectInputEvents = YES;
				INFOPLIST_KEY_UILaunchStoryboardName = LaunchScreen;
				INFOPLIST_KEY_UIMainStoryboardFile = Main;
				INFOPLIST_KEY_UISupportedInterfaceOrientations_iPad = "UIInterfaceOrientationPortrait UIInterfaceOrientationPortraitUpsideDown UIInterfaceOrientationLandscapeLeft UIInterfaceOrientationLandscapeRight";
				INFOPLIST_KEY_UISupportedInterfaceOrientations_iPhone = "UIInterfaceOrientationPortrait UIInterfaceOrientationLandscapeLeft UIInterfaceOrientationLandscapeRight";
				LD_RUNPATH_SEARCH_PATHS = (
					"$(inherited)",
					"@executable_path/Frameworks",
				);
				MARKETING_VERSION = 1.0;
				PRODUCT_BUNDLE_IDENTIFIER = ia.PlanetCastor;
				PRODUCT_NAME = "$(TARGET_NAME)";
				SWIFT_EMIT_LOC_STRINGS = YES;
				SWIFT_VERSION = 5.0;
				TARGETED_DEVICE_FAMILY = "1,2";
			};
			name = Debug;
		};
		CC5FB36D2BBED3BF00A6D853 /* Release */ = {
			isa = XCBuildConfiguration;
			buildSettings = {
				ASSETCATALOG_COMPILER_APPICON_NAME = AppIcon;
				ASSETCATALOG_COMPILER_GLOBAL_ACCENT_COLOR_NAME = AccentColor;
				CODE_SIGN_STYLE = Automatic;
				CURRENT_PROJECT_VERSION = 1;
				GENERATE_INFOPLIST_FILE = YES;
				INFOPLIST_FILE = PlanetCastor/Info.plist;
				INFOPLIST_KEY_UIApplicationSupportsIndirectInputEvents = YES;
				INFOPLIST_KEY_UILaunchStoryboardName = LaunchScreen;
				INFOPLIST_KEY_UIMainStoryboardFile = Main;
				INFOPLIST_KEY_UISupportedInterfaceOrientations_iPad = "UIInterfaceOrientationPortrait UIInterfaceOrientationPortraitUpsideDown UIInterfaceOrientationLandscapeLeft UIInterfaceOrientationLandscapeRight";
				INFOPLIST_KEY_UISupportedInterfaceOrientations_iPhone = "UIInterfaceOrientationPortrait UIInterfaceOrientationLandscapeLeft UIInterfaceOrientationLandscapeRight";
				LD_RUNPATH_SEARCH_PATHS = (
					"$(inherited)",
					"@executable_path/Frameworks",
				);
				MARKETING_VERSION = 1.0;
				PRODUCT_BUNDLE_IDENTIFIER = ia.PlanetCastor;
				PRODUCT_NAME = "$(TARGET_NAME)";
				SWIFT_EMIT_LOC_STRINGS = YES;
				SWIFT_VERSION = 5.0;
				TARGETED_DEVICE_FAMILY = "1,2";
			};
			name = Release;
		};
		CC5FB36F2BBED3BF00A6D853 /* Debug */ = {
			isa = XCBuildConfiguration;
			buildSettings = {
				ALWAYS_EMBED_SWIFT_STANDARD_LIBRARIES = YES;
				BUNDLE_LOADER = "$(TEST_HOST)";
				CODE_SIGN_STYLE = Automatic;
				CURRENT_PROJECT_VERSION = 1;
				GENERATE_INFOPLIST_FILE = YES;
				IPHONEOS_DEPLOYMENT_TARGET = 16.4;
				MARKETING_VERSION = 1.0;
				PRODUCT_BUNDLE_IDENTIFIER = ia.PlanetCastorTests;
				PRODUCT_NAME = "$(TARGET_NAME)";
				SWIFT_EMIT_LOC_STRINGS = NO;
				SWIFT_VERSION = 5.0;
				TARGETED_DEVICE_FAMILY = "1,2";
				TEST_HOST = "$(BUILT_PRODUCTS_DIR)/PlanetCastor.app/$(BUNDLE_EXECUTABLE_FOLDER_PATH)/PlanetCastor";
			};
			name = Debug;
		};
		CC5FB3702BBED3BF00A6D853 /* Release */ = {
			isa = XCBuildConfiguration;
			buildSettings = {
				ALWAYS_EMBED_SWIFT_STANDARD_LIBRARIES = YES;
				BUNDLE_LOADER = "$(TEST_HOST)";
				CODE_SIGN_STYLE = Automatic;
				CURRENT_PROJECT_VERSION = 1;
				GENERATE_INFOPLIST_FILE = YES;
				IPHONEOS_DEPLOYMENT_TARGET = 16.4;
				MARKETING_VERSION = 1.0;
				PRODUCT_BUNDLE_IDENTIFIER = ia.PlanetCastorTests;
				PRODUCT_NAME = "$(TARGET_NAME)";
				SWIFT_EMIT_LOC_STRINGS = NO;
				SWIFT_VERSION = 5.0;
				TARGETED_DEVICE_FAMILY = "1,2";
				TEST_HOST = "$(BUILT_PRODUCTS_DIR)/PlanetCastor.app/$(BUNDLE_EXECUTABLE_FOLDER_PATH)/PlanetCastor";
			};
			name = Release;
		};
		CC5FB3722BBED3BF00A6D853 /* Debug */ = {
			isa = XCBuildConfiguration;
			buildSettings = {
				ALWAYS_EMBED_SWIFT_STANDARD_LIBRARIES = YES;
				CODE_SIGN_STYLE = Automatic;
				CURRENT_PROJECT_VERSION = 1;
				GENERATE_INFOPLIST_FILE = YES;
				MARKETING_VERSION = 1.0;
				PRODUCT_BUNDLE_IDENTIFIER = ia.PlanetCastorUITests;
				PRODUCT_NAME = "$(TARGET_NAME)";
				SWIFT_EMIT_LOC_STRINGS = NO;
				SWIFT_VERSION = 5.0;
				TARGETED_DEVICE_FAMILY = "1,2";
				TEST_TARGET_NAME = PlanetCastor;
			};
			name = Debug;
		};
		CC5FB3732BBED3BF00A6D853 /* Release */ = {
			isa = XCBuildConfiguration;
			buildSettings = {
				ALWAYS_EMBED_SWIFT_STANDARD_LIBRARIES = YES;
				CODE_SIGN_STYLE = Automatic;
				CURRENT_PROJECT_VERSION = 1;
				GENERATE_INFOPLIST_FILE = YES;
				MARKETING_VERSION = 1.0;
				PRODUCT_BUNDLE_IDENTIFIER = ia.PlanetCastorUITests;
				PRODUCT_NAME = "$(TARGET_NAME)";
				SWIFT_EMIT_LOC_STRINGS = NO;
				SWIFT_VERSION = 5.0;
				TARGETED_DEVICE_FAMILY = "1,2";
				TEST_TARGET_NAME = PlanetCastor;
			};
			name = Release;
		};
/* End XCBuildConfiguration section */

/* Begin XCConfigurationList section */
		CC5FB33C2BBED3BE00A6D853 /* Build configuration list for PBXProject "PlanetCastor" */ = {
			isa = XCConfigurationList;
			buildConfigurations = (
				CC5FB3692BBED3BF00A6D853 /* Debug */,
				CC5FB36A2BBED3BF00A6D853 /* Release */,
			);
			defaultConfigurationIsVisible = 0;
			defaultConfigurationName = Release;
		};
		CC5FB36B2BBED3BF00A6D853 /* Build configuration list for PBXNativeTarget "PlanetCastor" */ = {
			isa = XCConfigurationList;
			buildConfigurations = (
				CC5FB36C2BBED3BF00A6D853 /* Debug */,
				CC5FB36D2BBED3BF00A6D853 /* Release */,
			);
			defaultConfigurationIsVisible = 0;
			defaultConfigurationName = Release;
		};
		CC5FB36E2BBED3BF00A6D853 /* Build configuration list for PBXNativeTarget "PlanetCastorTests" */ = {
			isa = XCConfigurationList;
			buildConfigurations = (
				CC5FB36F2BBED3BF00A6D853 /* Debug */,
				CC5FB3702BBED3BF00A6D853 /* Release */,
			);
			defaultConfigurationIsVisible = 0;
			defaultConfigurationName = Release;
		};
		CC5FB3712BBED3BF00A6D853 /* Build configuration list for PBXNativeTarget "PlanetCastorUITests" */ = {
			isa = XCConfigurationList;
			buildConfigurations = (
				CC5FB3722BBED3BF00A6D853 /* Debug */,
				CC5FB3732BBED3BF00A6D853 /* Release */,
			);
			defaultConfigurationIsVisible = 0;
			defaultConfigurationName = Release;
		};
/* End XCConfigurationList section */
	};
	rootObject = CC5FB3392BBED3BE00A6D853 /* Project object */;
}
